{
  "name": "ide-purescript",
  "version": "0.24.0",
  "lockfileVersion": 1,
  "requires": true,
  "dependencies": {
    "@types/atom": {
      "version": "1.25.0",
      "resolved": "https://registry.npmjs.org/@types/atom/-/atom-1.25.0.tgz",
      "integrity": "sha512-na7epn9d48T+GmgEqAUBWHjzJXKPY7o70H8Tat9xhrHr7/7kx/+H5lS3elehC8PmKc523VDMcQBAQ0ZVuEA4TQ==",
      "requires": {
        "@types/node": "8.10.1"
      }
    },
    "@types/node": {
      "version": "8.10.1",
      "resolved": "https://registry.npmjs.org/@types/node/-/node-8.10.1.tgz",
      "integrity": "sha512-X/pIUOcgpX7xxKsmdPCMKeDBefsGH/4D/IuJ1gIHbqgWI0qEy/yMKeqaN/sT+rzV9UpAXAfd0kLOVExRmZrXIg=="
    },
    "atom-languageclient": {
      "version": "0.9.5",
      "resolved": "https://registry.npmjs.org/atom-languageclient/-/atom-languageclient-0.9.5.tgz",
      "integrity": "sha512-m69UBVbWlpWzGpbIdS5glP2H8iwPjGLHUjFBtCdLYQinRwZMPHYBfTgzf/ji2Dp27v9F9La3OIIr3mVxBcvOkA==",
      "requires": {
        "@types/atom": "1.25.0",
        "@types/node": "8.10.1",
        "fuzzaldrin-plus": "0.6.0",
        "vscode-jsonrpc": "3.6.0",
        "vscode-languageserver-protocol": "3.6.0-next.5",
        "vscode-languageserver-types": "3.6.1"
      },
      "dependencies": {
        "vscode-languageserver-protocol": {
          "version": "3.6.0-next.5",
          "resolved": "https://registry.npmjs.org/vscode-languageserver-protocol/-/vscode-languageserver-protocol-3.6.0-next.5.tgz",
          "integrity": "sha512-pfu6A4VHDnLn+/UryZc0TKRUl63FdIFMTng27kOER1xk2yXDlqVenQX//8s1Veb0xVGATKITiFKIvUIl037mtg==",
          "requires": {
            "vscode-jsonrpc": "3.6.0",
            "vscode-languageserver-types": "3.6.1"
          }
        },
        "vscode-languageserver-types": {
          "version": "3.6.1",
          "resolved": "https://registry.npmjs.org/vscode-languageserver-types/-/vscode-languageserver-types-3.6.1.tgz",
          "integrity": "sha512-Npi3i8gUWcx5h8z5idNqPKBLJmZothXK2FSG4csEmxAR7avb8W6l9Ny+VW9yCUB3bOdD7iXfah8IO0AS1jwQmQ=="
        }
      }
    },
    "atom-package-deps": {
      "version": "4.6.2",
      "resolved": "https://registry.npmjs.org/atom-package-deps/-/atom-package-deps-4.6.2.tgz",
      "integrity": "sha512-GOcCULZPzpcFfnHo9Oz5fT/EaArFHNs84E4rp/Nox0/GlS1UYkEF44FRdgD+7TxAudRfQAXE0a8wh0GealCXZg==",
      "requires": {
        "atom-package-path": "1.1.0",
        "sb-fs": "3.0.0",
        "semver": "5.5.0"
      }
    },
    "atom-package-path": {
      "version": "1.1.0",
      "resolved": "https://registry.npmjs.org/atom-package-path/-/atom-package-path-1.1.0.tgz",
      "integrity": "sha1-tR/tvADnyM5SI9DYA9t6P09pYU8=",
      "requires": {
        "sb-callsite": "1.1.2"
      }
    },
    "atom-space-pen-views": {
      "version": "2.2.0",
      "resolved": "https://registry.npmjs.org/atom-space-pen-views/-/atom-space-pen-views-2.2.0.tgz",
      "integrity": "sha1-plsskg7QL3JAFPp9Plw9ePv1mZc=",
      "requires": {
        "fuzzaldrin": "2.1.0",
        "space-pen": "5.1.2"
      },
      "dependencies": {
        "d": {
          "version": "0.1.1",
          "resolved": "https://registry.npmjs.org/d/-/d-0.1.1.tgz",
          "integrity": "sha1-2hhMU10Y2O57oqoim5FACfrhEwk=",
          "requires": {
            "es5-ext": "0.10.37"
          }
        },
        "emissary": {
          "version": "1.3.3",
          "resolved": "https://registry.npmjs.org/emissary/-/emissary-1.3.3.tgz",
          "integrity": "sha1-phjZLWgrIy0xER3DYlpd9mF5lgY=",
          "requires": {
            "es6-weak-map": "0.1.4",
            "mixto": "1.0.0",
            "property-accessors": "1.1.3",
            "underscore-plus": "1.6.6"
          }
        },
        "es5-ext": {
          "version": "0.10.37",
          "resolved": "https://registry.npmjs.org/es5-ext/-/es5-ext-0.10.37.tgz",
          "integrity": "sha1-DudB0Ui4AGm6J9AgOTdWryV978M=",
          "requires": {
            "es6-iterator": "2.0.3",
            "es6-symbol": "3.1.1"
          },
          "dependencies": {
            "d": {
              "version": "1.0.0",
              "resolved": "https://registry.npmjs.org/d/-/d-1.0.0.tgz",
              "integrity": "sha1-dUu1v+VUUdpppYuU1F9MWwRi1Y8=",
              "requires": {
                "es5-ext": "0.10.37"
              }
            },
            "es6-iterator": {
              "version": "2.0.3",
              "resolved": "https://registry.npmjs.org/es6-iterator/-/es6-iterator-2.0.3.tgz",
              "integrity": "sha1-p96IkUGgWpSwhUQDstCg+/qY87c=",
              "requires": {
                "d": "1.0.0",
                "es5-ext": "0.10.37",
                "es6-symbol": "3.1.1"
              }
            },
            "es6-symbol": {
              "version": "3.1.1",
              "resolved": "https://registry.npmjs.org/es6-symbol/-/es6-symbol-3.1.1.tgz",
              "integrity": "sha1-vwDvT9q2uhtG7Le2KbTH7VcVzHc=",
              "requires": {
                "d": "1.0.0",
                "es5-ext": "0.10.37"
              }
            }
          }
        },
        "es6-iterator": {
          "version": "0.1.3",
          "resolved": "https://registry.npmjs.org/es6-iterator/-/es6-iterator-0.1.3.tgz",
          "integrity": "sha1-1vWLjE/EE8JJtLqhl2j45NfIlE4=",
          "requires": {
            "d": "0.1.1",
            "es5-ext": "0.10.37",
            "es6-symbol": "2.0.1"
          }
        },
        "es6-symbol": {
          "version": "2.0.1",
          "resolved": "https://registry.npmjs.org/es6-symbol/-/es6-symbol-2.0.1.tgz",
          "integrity": "sha1-dhtcZ8/U8dGK+yNPaR1nhoLLO/M=",
          "requires": {
            "d": "0.1.1",
            "es5-ext": "0.10.37"
          }
        },
        "es6-weak-map": {
          "version": "0.1.4",
          "resolved": "https://registry.npmjs.org/es6-weak-map/-/es6-weak-map-0.1.4.tgz",
          "integrity": "sha1-cGzvnpmqI2undmwjnIueKG6n0ig=",
          "requires": {
            "d": "0.1.1",
            "es5-ext": "0.10.37",
            "es6-iterator": "0.1.3",
            "es6-symbol": "2.0.1"
          }
        },
        "fuzzaldrin": {
          "version": "2.1.0",
          "resolved": "https://registry.npmjs.org/fuzzaldrin/-/fuzzaldrin-2.1.0.tgz",
          "integrity": "sha1-kCBMPi/appQbso0WZF1BgGOpDps="
        },
        "grim": {
          "version": "1.5.0",
          "resolved": "https://registry.npmjs.org/grim/-/grim-1.5.0.tgz",
          "integrity": "sha1-sysI71Z88YUvgXWe2caLDXE5ajI=",
          "requires": {
            "emissary": "1.3.3"
          }
        },
        "jquery": {
          "version": "2.1.4",
          "resolved": "https://registry.npmjs.org/jquery/-/jquery-2.1.4.tgz",
          "integrity": "sha1-IoveaYoMYUMdwmMKahVPFYkNIxc="
        },
        "mixto": {
          "version": "1.0.0",
          "resolved": "https://registry.npmjs.org/mixto/-/mixto-1.0.0.tgz",
          "integrity": "sha1-wyDvYbUvKJj1IuF9i7xtUG2EJbY="
        },
        "property-accessors": {
          "version": "1.1.3",
          "resolved": "https://registry.npmjs.org/property-accessors/-/property-accessors-1.1.3.tgz",
          "integrity": "sha1-Hd6EAkYxhlkJ7zBwM2VoDF+SixU=",
          "requires": {
            "es6-weak-map": "0.1.4",
            "mixto": "1.0.0"
          }
        },
        "space-pen": {
          "version": "5.1.2",
          "resolved": "https://registry.npmjs.org/space-pen/-/space-pen-5.1.2.tgz",
          "integrity": "sha1-Ivu+EOCwROe3pHsCPamdlLWE748=",
          "requires": {
            "grim": "1.5.0",
            "jquery": "2.1.4",
            "underscore-plus": "1.6.6"
          }
        },
        "underscore": {
          "version": "1.6.0",
          "resolved": "https://registry.npmjs.org/underscore/-/underscore-1.6.0.tgz",
          "integrity": "sha1-izixDKze9jM3uLJOT/htRa6lKag="
        },
        "underscore-plus": {
          "version": "1.6.6",
          "resolved": "https://registry.npmjs.org/underscore-plus/-/underscore-plus-1.6.6.tgz",
          "integrity": "sha1-ZezeG9xEGjXYnmUP1w3PE65Dmn0=",
          "requires": {
            "underscore": "1.6.0"
          }
        }
      }
    },
    "fuzzaldrin-plus": {
      "version": "0.6.0",
      "resolved": "https://registry.npmjs.org/fuzzaldrin-plus/-/fuzzaldrin-plus-0.6.0.tgz",
      "integrity": "sha1-gy9kifvodnaUWVmckUpnDsIpR+4="
    },
    "is-utf8": {
      "version": "0.2.1",
      "resolved": "https://registry.npmjs.org/is-utf8/-/is-utf8-0.2.1.tgz",
      "integrity": "sha1-Sw2hRCEE0bM2NA6AeX6GXPOffXI="
    },
    "purescript-language-server": {
      "version": "0.11.0",
      "resolved": "https://registry.npmjs.org/purescript-language-server/-/purescript-language-server-0.11.0.tgz",
      "integrity": "sha512-J0GPccz/AKiJV2vUgDylTomLthQuRNlH0Kkrdxb8zVIeTKX9vB2aKwxLIMPMxbFurRrqn2azS+4wXy1R+Tp+zg==",
      "requires": {
        "vscode-languageserver": "3.5.0",
        "vscode-uri": "1.0.1",
        "which": "1.3.0"
      }
    },
    "sb-callsite": {
      "version": "1.1.2",
      "resolved": "https://registry.npmjs.org/sb-callsite/-/sb-callsite-1.1.2.tgz",
      "integrity": "sha1-KBkftm1k46PukghKlakPy1ECJDs="
    },
    "sb-fs": {
      "version": "3.0.0",
      "resolved": "https://registry.npmjs.org/sb-fs/-/sb-fs-3.0.0.tgz",
      "integrity": "sha1-+9zdMBDoChuOJ0kM7zNgZJdCA7g=",
      "requires": {
        "sb-promisify": "2.0.2",
        "strip-bom-buf": "1.0.0"
      }
    },
    "sb-promisify": {
      "version": "2.0.2",
      "resolved": "https://registry.npmjs.org/sb-promisify/-/sb-promisify-2.0.2.tgz",
      "integrity": "sha1-QnelR1RIiqlnXYhuNU24lMm9yYE="
    },
    "semver": {
      "version": "5.5.0",
      "resolved": "https://registry.npmjs.org/semver/-/semver-5.5.0.tgz",
      "integrity": "sha512-4SJ3dm0WAwWy/NVeioZh5AntkdJoWKxHxcmyP622fOkgHa4z3R0TdBJICINyaSDE6uNwVc8gZr+ZinwZAH4xIA=="
    },
    "strip-bom-buf": {
      "version": "1.0.0",
      "resolved": "https://registry.npmjs.org/strip-bom-buf/-/strip-bom-buf-1.0.0.tgz",
      "integrity": "sha1-HLRar1dTD0yvhsf3UXnSyaUd1XI=",
      "requires": {
        "is-utf8": "0.2.1"
      }
    },
    "vscode-jsonrpc": {
      "version": "3.6.0",
      "resolved": "https://registry.npmjs.org/vscode-jsonrpc/-/vscode-jsonrpc-3.6.0.tgz",
      "integrity": "sha512-PqHHjuTlz3ks0vyZv3IkdduJReA/lqe6OP5zRl5nXn2ptMLW++fBotNyayyZEQLIF6nNrx/Rn6WhMSHElf02Yw=="
    },
    "vscode-languageserver": {
      "version": "3.5.0",
      "resolved": "https://registry.npmjs.org/vscode-languageserver/-/vscode-languageserver-3.5.0.tgz",
      "integrity": "sha1-0oCZvG3dqMHdFrcH5FThsd2uDbo=",
      "requires": {
        "vscode-languageserver-protocol": "3.5.0",
        "vscode-uri": "1.0.1"
      }
    },
    "vscode-languageserver-protocol": {
      "version": "3.5.0",
      "resolved": "https://registry.npmjs.org/vscode-languageserver-protocol/-/vscode-languageserver-protocol-3.5.0.tgz",
      "integrity": "sha1-Bnxcvidwl5U5jRGWksl+u6FFIgk=",
      "requires": {
        "vscode-jsonrpc": "3.6.0",
        "vscode-languageserver-types": "3.5.0"
      }
    },
    "vscode-languageserver-types": {
      "version": "3.5.0",
      "resolved": "https://registry.npmjs.org/vscode-languageserver-types/-/vscode-languageserver-types-3.5.0.tgz",
      "integrity": "sha1-5I15li8LjgLelV4/UkkI4rGcA3Q="
    },
    "vscode-uri": {
      "version": "1.0.1",
      "resolved": "https://registry.npmjs.org/vscode-uri/-/vscode-uri-1.0.1.tgz",
      "integrity": "sha1-Eahr7+rDxKo+wIYjZRo8gabQu8g="
    },
    "which": {
      "version": "1.3.0",
      "resolved": "https://registry.npmjs.org/which/-/which-1.3.0.tgz",
      "integrity": "sha512-xcJpopdamTuY5duC/KnTTNBraPK54YwpenP4lzxU8H91GudWpFv38u0CKjclE1Wi2EH2EDz5LRcHcKbCIzqGyg==",
      "requires": {
        "isexe": "2.0.0"
      },
      "dependencies": {
        "isexe": {
          "version": "2.0.0",
          "resolved": "https://registry.npmjs.org/isexe/-/isexe-2.0.0.tgz",
          "integrity": "sha1-6PvzdNxVb/iUehDcsFctYz8s+hA="
        }
      }
    }
  }
}
