{
  "name": "ide-purescript",
  "version": "0.18.2",
  "lockfileVersion": 1,
  "requires": true,
  "dependencies": {
    "atom-languageclient": {
      "version": "git+https://github.com/atom/atom-languageclient.git#9d678b0d64e11af1c9c3d8604da6e8f3e30a13dc",
      "requires": {
        "vscode-jsonrpc": "3.4.0"
      }
    },
    "atom-package-deps": {
      "version": "https://registry.npmjs.org/atom-package-deps/-/atom-package-deps-4.5.0.tgz",
      "integrity": "sha1-DAnyZkTRNv3Xfej1V1IhZn/qPE4=",
      "requires": {
        "atom-package-path": "https://registry.npmjs.org/atom-package-path/-/atom-package-path-1.1.0.tgz",
        "sb-config-file": "https://registry.npmjs.org/sb-config-file/-/sb-config-file-3.0.2.tgz",
        "sb-exec": "https://registry.npmjs.org/sb-exec/-/sb-exec-3.1.0.tgz",
        "sb-fs": "https://registry.npmjs.org/sb-fs/-/sb-fs-2.0.0.tgz",
        "semver": "https://registry.npmjs.org/semver/-/semver-5.3.0.tgz",
        "tildify": "https://registry.npmjs.org/tildify/-/tildify-1.2.0.tgz"
      }
    },
    "atom-package-path": {
      "version": "https://registry.npmjs.org/atom-package-path/-/atom-package-path-1.1.0.tgz",
      "integrity": "sha1-tR/tvADnyM5SI9DYA9t6P09pYU8=",
      "requires": {
        "sb-callsite": "https://registry.npmjs.org/sb-callsite/-/sb-callsite-1.1.2.tgz"
      }
    },
    "atom-space-pen-views": {
      "version": "https://registry.npmjs.org/atom-space-pen-views/-/atom-space-pen-views-2.2.0.tgz",
      "integrity": "sha1-plsskg7QL3JAFPp9Plw9ePv1mZc=",
      "requires": {
        "fuzzaldrin": "https://registry.npmjs.org/fuzzaldrin/-/fuzzaldrin-2.1.0.tgz",
        "space-pen": "https://registry.npmjs.org/space-pen/-/space-pen-5.1.2.tgz"
      }
    },
    "balanced-match": {
      "version": "https://registry.npmjs.org/balanced-match/-/balanced-match-0.3.0.tgz",
      "integrity": "sha1-qRzdHr7xqGZZ5w/03vAWJfwtZ1Y="
    },
    "brace-expansion": {
      "version": "https://registry.npmjs.org/brace-expansion/-/brace-expansion-1.1.3.tgz",
      "integrity": "sha1-Rr/1ARXUf8mriYVKu4fZgHihCZE=",
      "requires": {
        "balanced-match": "https://registry.npmjs.org/balanced-match/-/balanced-match-0.3.0.tgz",
        "concat-map": "https://registry.npmjs.org/concat-map/-/concat-map-0.0.1.tgz"
      }
    },
    "concat-map": {
      "version": "https://registry.npmjs.org/concat-map/-/concat-map-0.0.1.tgz",
      "integrity": "sha1-2Klr13/Wjfd5OnMDajug1UBdR3s="
    },
    "consistent-env": {
      "version": "https://registry.npmjs.org/consistent-env/-/consistent-env-1.3.0.tgz",
      "integrity": "sha1-hzcwSxgDoYqZjGB1x6CQcaHKkm8=",
      "requires": {
        "lodash.uniq": "https://registry.npmjs.org/lodash.uniq/-/lodash.uniq-4.5.0.tgz"
      }
    },
    "d": {
      "version": "https://registry.npmjs.org/d/-/d-0.1.1.tgz",
      "integrity": "sha1-2hhMU10Y2O57oqoim5FACfrhEwk=",
      "requires": {
        "es5-ext": "https://registry.npmjs.org/es5-ext/-/es5-ext-0.10.11.tgz"
      }
    },
    "emissary": {
      "version": "https://registry.npmjs.org/emissary/-/emissary-1.3.3.tgz",
      "integrity": "sha1-phjZLWgrIy0xER3DYlpd9mF5lgY=",
      "requires": {
        "es6-weak-map": "https://registry.npmjs.org/es6-weak-map/-/es6-weak-map-0.1.4.tgz",
        "mixto": "https://registry.npmjs.org/mixto/-/mixto-1.0.0.tgz",
        "property-accessors": "https://registry.npmjs.org/property-accessors/-/property-accessors-1.1.3.tgz",
        "underscore-plus": "https://registry.npmjs.org/underscore-plus/-/underscore-plus-1.6.6.tgz"
      }
    },
    "es5-ext": {
      "version": "https://registry.npmjs.org/es5-ext/-/es5-ext-0.10.11.tgz",
      "integrity": "sha1-gYTD5wWoIJSMLb4EOEk3mx29DEU=",
      "requires": {
        "es6-iterator": "https://registry.npmjs.org/es6-iterator/-/es6-iterator-2.0.0.tgz",
        "es6-symbol": "https://registry.npmjs.org/es6-symbol/-/es6-symbol-3.0.2.tgz"
      },
      "dependencies": {
        "es6-iterator": {
          "version": "https://registry.npmjs.org/es6-iterator/-/es6-iterator-2.0.0.tgz",
          "integrity": "sha1-vZaFZ9YWNeM8C4BydhPJy0sJa6w=",
          "requires": {
            "d": "https://registry.npmjs.org/d/-/d-0.1.1.tgz",
            "es5-ext": "https://registry.npmjs.org/es5-ext/-/es5-ext-0.10.11.tgz",
            "es6-symbol": "https://registry.npmjs.org/es6-symbol/-/es6-symbol-3.0.2.tgz"
          }
        },
        "es6-symbol": {
          "version": "https://registry.npmjs.org/es6-symbol/-/es6-symbol-3.0.2.tgz",
          "integrity": "sha1-HpKIeMb15jVBYltLtN9K8H0VQhk=",
          "requires": {
            "d": "https://registry.npmjs.org/d/-/d-0.1.1.tgz",
            "es5-ext": "https://registry.npmjs.org/es5-ext/-/es5-ext-0.10.11.tgz"
          }
        }
      }
    },
    "es6-iterator": {
      "version": "https://registry.npmjs.org/es6-iterator/-/es6-iterator-0.1.3.tgz",
      "integrity": "sha1-1vWLjE/EE8JJtLqhl2j45NfIlE4=",
      "requires": {
        "d": "https://registry.npmjs.org/d/-/d-0.1.1.tgz",
        "es5-ext": "https://registry.npmjs.org/es5-ext/-/es5-ext-0.10.11.tgz",
        "es6-symbol": "https://registry.npmjs.org/es6-symbol/-/es6-symbol-2.0.1.tgz"
      }
    },
    "es6-symbol": {
      "version": "https://registry.npmjs.org/es6-symbol/-/es6-symbol-2.0.1.tgz",
      "integrity": "sha1-dhtcZ8/U8dGK+yNPaR1nhoLLO/M=",
      "requires": {
        "d": "https://registry.npmjs.org/d/-/d-0.1.1.tgz",
        "es5-ext": "https://registry.npmjs.org/es5-ext/-/es5-ext-0.10.11.tgz"
      }
    },
    "es6-weak-map": {
      "version": "https://registry.npmjs.org/es6-weak-map/-/es6-weak-map-0.1.4.tgz",
      "integrity": "sha1-cGzvnpmqI2undmwjnIueKG6n0ig=",
      "requires": {
        "d": "https://registry.npmjs.org/d/-/d-0.1.1.tgz",
        "es5-ext": "https://registry.npmjs.org/es5-ext/-/es5-ext-0.10.11.tgz",
        "es6-iterator": "https://registry.npmjs.org/es6-iterator/-/es6-iterator-0.1.3.tgz",
        "es6-symbol": "https://registry.npmjs.org/es6-symbol/-/es6-symbol-2.0.1.tgz"
      }
    },
    "fs": {
      "version": "https://registry.npmjs.org/fs/-/fs-0.0.2.tgz",
      "integrity": "sha1-4fJE7zkzwbKmS9R5kTYGDQ9ZFPg="
    },
    "fs.realpath": {
      "version": "https://registry.npmjs.org/fs.realpath/-/fs.realpath-1.0.0.tgz",
      "integrity": "sha1-FQStJSMVjKpA20onh8sBQRmU6k8="
    },
    "fuzzaldrin": {
      "version": "https://registry.npmjs.org/fuzzaldrin/-/fuzzaldrin-2.1.0.tgz",
      "integrity": "sha1-kCBMPi/appQbso0WZF1BgGOpDps="
    },
    "glob": {
      "version": "https://registry.npmjs.org/glob/-/glob-5.0.15.tgz",
      "integrity": "sha1-G8k2ueAvSmA/zCIuz3Yz0wuLk7E=",
      "requires": {
        "inflight": "https://registry.npmjs.org/inflight/-/inflight-1.0.4.tgz",
        "inherits": "https://registry.npmjs.org/inherits/-/inherits-2.0.1.tgz",
        "minimatch": "https://registry.npmjs.org/minimatch/-/minimatch-3.0.0.tgz",
        "once": "https://registry.npmjs.org/once/-/once-1.3.3.tgz",
        "path-is-absolute": "https://registry.npmjs.org/path-is-absolute/-/path-is-absolute-1.0.0.tgz"
      }
    },
    "grim": {
      "version": "https://registry.npmjs.org/grim/-/grim-1.5.0.tgz",
      "integrity": "sha1-sysI71Z88YUvgXWe2caLDXE5ajI=",
      "requires": {
        "emissary": "https://registry.npmjs.org/emissary/-/emissary-1.3.3.tgz"
      }
    },
    "hover-tooltips": {
      "version": "https://registry.npmjs.org/hover-tooltips/-/hover-tooltips-0.5.0.tgz",
      "integrity": "sha1-Lnz8g9xF9oW8hORBETZq8s2UXC8=",
      "requires": {
        "atom-space-pen-views": "https://registry.npmjs.org/atom-space-pen-views/-/atom-space-pen-views-2.2.0.tgz",
        "emissary": "https://registry.npmjs.org/emissary/-/emissary-1.3.3.tgz",
        "fs": "https://registry.npmjs.org/fs/-/fs-0.0.2.tgz",
        "q": "https://registry.npmjs.org/q/-/q-1.0.1.tgz"
      }
    },
    "imurmurhash": {
      "version": "https://registry.npmjs.org/imurmurhash/-/imurmurhash-0.1.4.tgz",
      "integrity": "sha1-khi5srkoojixPcT7a21XbyMUU+o="
    },
    "inflight": {
      "version": "https://registry.npmjs.org/inflight/-/inflight-1.0.4.tgz",
      "integrity": "sha1-bLtFIevVHODsCpNr/XZX736bFyo=",
      "requires": {
        "once": "https://registry.npmjs.org/once/-/once-1.3.3.tgz",
        "wrappy": "https://registry.npmjs.org/wrappy/-/wrappy-1.0.1.tgz"
      }
    },
    "inherits": {
      "version": "https://registry.npmjs.org/inherits/-/inherits-2.0.1.tgz",
      "integrity": "sha1-sX0I0ya0Qj5Wjv9xn5GwscvfafE="
    },
    "isexe": {
      "version": "https://registry.npmjs.org/isexe/-/isexe-1.1.2.tgz",
      "integrity": "sha1-NvPiLmB1CSD15yQaR2qMakInWtA="
    },
    "jquery": {
      "version": "https://registry.npmjs.org/jquery/-/jquery-2.1.4.tgz",
      "integrity": "sha1-IoveaYoMYUMdwmMKahVPFYkNIxc="
    },
    "lodash.uniq": {
      "version": "https://registry.npmjs.org/lodash.uniq/-/lodash.uniq-4.5.0.tgz",
      "integrity": "sha1-0CJTc662Uq3BvILklFM5qEJ1R3M="
    },
    "minimatch": {
      "version": "https://registry.npmjs.org/minimatch/-/minimatch-3.0.0.tgz",
      "integrity": "sha1-UjYVelHk8ATBd/s8Un/33Xjw74M=",
      "requires": {
        "brace-expansion": "https://registry.npmjs.org/brace-expansion/-/brace-expansion-1.1.3.tgz"
      }
    },
    "mixto": {
      "version": "https://registry.npmjs.org/mixto/-/mixto-1.0.0.tgz",
      "integrity": "sha1-wyDvYbUvKJj1IuF9i7xtUG2EJbY="
    },
    "mkdirp": {
      "version": "https://registry.npmjs.org/mkdirp/-/mkdirp-0.5.1.tgz",
      "integrity": "sha1-MAV0OOrGz3+MR2fzhkjWaX11yQM=",
      "requires": {
        "minimist": "https://registry.npmjs.org/minimist/-/minimist-0.0.8.tgz"
      },
      "dependencies": {
        "minimist": {
          "version": "https://registry.npmjs.org/minimist/-/minimist-0.0.8.tgz",
          "integrity": "sha1-hX/Kv8M5fSYluCKCYuhqp6ARsF0="
        }
      }
    },
    "once": {
      "version": "https://registry.npmjs.org/once/-/once-1.3.3.tgz",
      "integrity": "sha1-suJhVXzkwxTsgwTz+oJmPkKXyiA=",
      "requires": {
        "wrappy": "https://registry.npmjs.org/wrappy/-/wrappy-1.0.1.tgz"
      }
    },
    "os-homedir": {
      "version": "https://registry.npmjs.org/os-homedir/-/os-homedir-1.0.2.tgz",
      "integrity": "sha1-/7xJiDNuDoM94MFox+8VISGqf7M="
    },
    "path-is-absolute": {
      "version": "https://registry.npmjs.org/path-is-absolute/-/path-is-absolute-1.0.0.tgz",
      "integrity": "sha1-Jj2tpmqz8vsQv3+dJN2PPlcO+RI="
    },
    "property-accessors": {
      "version": "https://registry.npmjs.org/property-accessors/-/property-accessors-1.1.3.tgz",
      "integrity": "sha1-Hd6EAkYxhlkJ7zBwM2VoDF+SixU=",
      "requires": {
        "es6-weak-map": "https://registry.npmjs.org/es6-weak-map/-/es6-weak-map-0.1.4.tgz",
        "mixto": "https://registry.npmjs.org/mixto/-/mixto-1.0.0.tgz"
      }
    },
    "purescript-language-server": {
      "version": "0.2.2",
      "resolved": "https://registry.npmjs.org/purescript-language-server/-/purescript-language-server-0.2.2.tgz",
      "integrity": "sha1-2aLqzI38Nf8tgAI+64LfNVnubIM=",
      "requires": {
        "vscode-languageserver": "3.4.2",
        "vscode-uri": "1.0.1",
        "which": "https://registry.npmjs.org/which/-/which-1.2.10.tgz"
      }
    },
    "q": {
      "version": "https://registry.npmjs.org/q/-/q-1.0.1.tgz",
      "integrity": "sha1-EYcq7t7okmgRCxCnGESP+xARKhQ="
    },
    "sb-callsite": {
      "version": "https://registry.npmjs.org/sb-callsite/-/sb-callsite-1.1.2.tgz",
      "integrity": "sha1-KBkftm1k46PukghKlakPy1ECJDs="
    },
    "sb-config-file": {
      "version": "https://registry.npmjs.org/sb-config-file/-/sb-config-file-3.0.2.tgz",
      "integrity": "sha1-SLAzo+RdvJztmUOvRJIateuDQxM=",
      "requires": {
        "sb-fs": "https://registry.npmjs.org/sb-fs/-/sb-fs-1.1.1.tgz",
        "strip-bom": "https://registry.npmjs.org/strip-bom/-/strip-bom-3.0.0.tgz",
        "write-file-atomic": "https://registry.npmjs.org/write-file-atomic/-/write-file-atomic-1.3.1.tgz"
      },
      "dependencies": {
        "glob": {
          "version": "https://registry.npmjs.org/glob/-/glob-7.1.1.tgz",
          "integrity": "sha1-gFIR3wT6rxxjo2ADBs31reULLsg=",
          "requires": {
            "fs.realpath": "https://registry.npmjs.org/fs.realpath/-/fs.realpath-1.0.0.tgz",
            "inflight": "https://registry.npmjs.org/inflight/-/inflight-1.0.4.tgz",
            "inherits": "https://registry.npmjs.org/inherits/-/inherits-2.0.1.tgz",
            "minimatch": "https://registry.npmjs.org/minimatch/-/minimatch-3.0.3.tgz",
            "once": "https://registry.npmjs.org/once/-/once-1.3.3.tgz",
            "path-is-absolute": "https://registry.npmjs.org/path-is-absolute/-/path-is-absolute-1.0.0.tgz"
          }
        },
        "minimatch": {
          "version": "https://registry.npmjs.org/minimatch/-/minimatch-3.0.3.tgz",
          "integrity": "sha1-Kk5AkLlrLbBqnX3wEFWmKnfJt3Q=",
          "requires": {
            "brace-expansion": "https://registry.npmjs.org/brace-expansion/-/brace-expansion-1.1.3.tgz"
          }
        },
        "rimraf": {
          "version": "https://registry.npmjs.org/rimraf/-/rimraf-2.6.1.tgz",
          "integrity": "sha1-wjOOxkPfeht/5cVPqG9XQopV8z0=",
          "requires": {
            "glob": "https://registry.npmjs.org/glob/-/glob-7.1.1.tgz"
          }
        },
        "sb-fs": {
          "version": "https://registry.npmjs.org/sb-fs/-/sb-fs-1.1.1.tgz",
          "integrity": "sha1-H9awcQQOKKlm6I6K0jEhksa2wc0=",
          "requires": {
            "mkdirp": "https://registry.npmjs.org/mkdirp/-/mkdirp-0.5.1.tgz",
            "rimraf": "https://registry.npmjs.org/rimraf/-/rimraf-2.6.1.tgz",
            "sb-promisify": "https://registry.npmjs.org/sb-promisify/-/sb-promisify-2.0.1.tgz"
          }
        }
      }
    },
    "sb-exec": {
      "version": "https://registry.npmjs.org/sb-exec/-/sb-exec-3.1.0.tgz",
      "integrity": "sha1-NMxlCIoRZ1Lrcg/d7/ZtLC6V7FE=",
      "requires": {
        "consistent-env": "https://registry.npmjs.org/consistent-env/-/consistent-env-1.3.0.tgz",
        "lodash.uniq": "https://registry.npmjs.org/lodash.uniq/-/lodash.uniq-4.5.0.tgz",
        "sb-npm-path": "https://registry.npmjs.org/sb-npm-path/-/sb-npm-path-2.0.0.tgz"
      }
    },
    "sb-fs": {
      "version": "https://registry.npmjs.org/sb-fs/-/sb-fs-2.0.0.tgz",
      "integrity": "sha1-fP9HPGKzJGX4CW3HtgIKmw36QTU=",
      "requires": {
        "mkdirp": "https://registry.npmjs.org/mkdirp/-/mkdirp-0.5.1.tgz",
        "rimraf": "https://registry.npmjs.org/rimraf/-/rimraf-2.6.1.tgz",
        "sb-promisify": "https://registry.npmjs.org/sb-promisify/-/sb-promisify-2.0.1.tgz"
      },
      "dependencies": {
        "glob": {
          "version": "https://registry.npmjs.org/glob/-/glob-7.1.1.tgz",
          "integrity": "sha1-gFIR3wT6rxxjo2ADBs31reULLsg=",
          "requires": {
            "fs.realpath": "https://registry.npmjs.org/fs.realpath/-/fs.realpath-1.0.0.tgz",
            "inflight": "https://registry.npmjs.org/inflight/-/inflight-1.0.4.tgz",
            "inherits": "https://registry.npmjs.org/inherits/-/inherits-2.0.1.tgz",
            "minimatch": "https://registry.npmjs.org/minimatch/-/minimatch-3.0.3.tgz",
            "once": "https://registry.npmjs.org/once/-/once-1.3.3.tgz",
            "path-is-absolute": "https://registry.npmjs.org/path-is-absolute/-/path-is-absolute-1.0.0.tgz"
          }
        },
        "minimatch": {
          "version": "https://registry.npmjs.org/minimatch/-/minimatch-3.0.3.tgz",
          "integrity": "sha1-Kk5AkLlrLbBqnX3wEFWmKnfJt3Q=",
          "requires": {
            "brace-expansion": "https://registry.npmjs.org/brace-expansion/-/brace-expansion-1.1.3.tgz"
          }
        },
        "rimraf": {
          "version": "https://registry.npmjs.org/rimraf/-/rimraf-2.6.1.tgz",
          "integrity": "sha1-wjOOxkPfeht/5cVPqG9XQopV8z0=",
          "requires": {
            "glob": "https://registry.npmjs.org/glob/-/glob-7.1.1.tgz"
          }
        }
      }
    },
    "sb-memoize": {
      "version": "https://registry.npmjs.org/sb-memoize/-/sb-memoize-1.0.2.tgz",
      "integrity": "sha1-EoN1xi3bnMT/qQXQxaWXwZuurY4="
    },
    "sb-npm-path": {
      "version": "https://registry.npmjs.org/sb-npm-path/-/sb-npm-path-2.0.0.tgz",
      "integrity": "sha1-D2zCzzcd68p9k27Xa31MPMHrPVg=",
      "requires": {
        "sb-memoize": "https://registry.npmjs.org/sb-memoize/-/sb-memoize-1.0.2.tgz",
        "sb-promisify": "https://registry.npmjs.org/sb-promisify/-/sb-promisify-2.0.1.tgz"
      }
    },
    "sb-promisify": {
      "version": "https://registry.npmjs.org/sb-promisify/-/sb-promisify-2.0.1.tgz",
      "integrity": "sha1-hsbLTheAybOMb75+eHP4q5Z3zio="
    },
    "semver": {
      "version": "https://registry.npmjs.org/semver/-/semver-5.3.0.tgz",
      "integrity": "sha1-myzl094C0XxgEq0yaqa00M9U+U8="
    },
    "slide": {
      "version": "https://registry.npmjs.org/slide/-/slide-1.1.6.tgz",
      "integrity": "sha1-VusCfWW00tzmyy4tMsTUr8nh1wc="
    },
    "space-pen": {
      "version": "https://registry.npmjs.org/space-pen/-/space-pen-5.1.2.tgz",
      "integrity": "sha1-Ivu+EOCwROe3pHsCPamdlLWE748=",
      "requires": {
        "grim": "https://registry.npmjs.org/grim/-/grim-1.5.0.tgz",
        "jquery": "https://registry.npmjs.org/jquery/-/jquery-2.1.4.tgz",
        "underscore-plus": "https://registry.npmjs.org/underscore-plus/-/underscore-plus-1.6.6.tgz"
      }
    },
    "strip-bom": {
      "version": "https://registry.npmjs.org/strip-bom/-/strip-bom-3.0.0.tgz",
      "integrity": "sha1-IzTBjpx1n3vdVv3vfprj1YjmjtM="
    },
    "tildify": {
      "version": "https://registry.npmjs.org/tildify/-/tildify-1.2.0.tgz",
      "integrity": "sha1-3OwD9V3Km3qj5bBPIYF+tW5jWIo=",
      "requires": {
        "os-homedir": "https://registry.npmjs.org/os-homedir/-/os-homedir-1.0.2.tgz"
      }
    },
    "underscore": {
      "version": "https://registry.npmjs.org/underscore/-/underscore-1.6.0.tgz",
      "integrity": "sha1-izixDKze9jM3uLJOT/htRa6lKag="
    },
    "underscore-plus": {
      "version": "https://registry.npmjs.org/underscore-plus/-/underscore-plus-1.6.6.tgz",
      "integrity": "sha1-ZezeG9xEGjXYnmUP1w3PE65Dmn0=",
      "requires": {
        "underscore": "https://registry.npmjs.org/underscore/-/underscore-1.6.0.tgz"
      }
    },
    "vscode-jsonrpc": {
      "version": "3.4.0",
      "resolved": "https://registry.npmjs.org/vscode-jsonrpc/-/vscode-jsonrpc-3.4.0.tgz",
      "integrity": "sha1-qpWsWDvzHYD3JdV8J8CfTCz+n6k="
    },
    "vscode-languageserver": {
      "version": "3.4.2",
      "resolved": "https://registry.npmjs.org/vscode-languageserver/-/vscode-languageserver-3.4.2.tgz",
      "integrity": "sha1-CMvlDuJpAdN91LXcUsJbkJNjwfE=",
      "requires": {
        "vscode-languageserver-protocol": "3.4.1",
        "vscode-uri": "1.0.1"
      }
    },
    "vscode-languageserver-protocol": {
      "version": "3.4.1",
      "resolved": "https://registry.npmjs.org/vscode-languageserver-protocol/-/vscode-languageserver-protocol-3.4.1.tgz",
      "integrity": "sha1-lrfIo+1opOvTCkB7BCenY3k1/h8=",
      "requires": {
        "vscode-jsonrpc": "3.4.0",
        "vscode-languageserver-types": "3.4.0"
      }
    },
    "vscode-languageserver-types": {
      "version": "3.4.0",
      "resolved": "https://registry.npmjs.org/vscode-languageserver-types/-/vscode-languageserver-types-3.4.0.tgz",
      "integrity": "sha1-UEOuR+5KwWrwe7PQylYSNeDA0vo="
    },
    "vscode-uri": {
      "version": "1.0.1",
      "resolved": "https://registry.npmjs.org/vscode-uri/-/vscode-uri-1.0.1.tgz",
      "integrity": "sha1-Eahr7+rDxKo+wIYjZRo8gabQu8g="
    },
    "which": {
      "version": "https://registry.npmjs.org/which/-/which-1.2.10.tgz",
      "integrity": "sha1-kc2b0HUTIkEbZZtA8FSyHelXqy0=",
      "requires": {
        "isexe": "https://registry.npmjs.org/isexe/-/isexe-1.1.2.tgz"
      }
    },
    "wrappy": {
      "version": "https://registry.npmjs.org/wrappy/-/wrappy-1.0.1.tgz",
      "integrity": "sha1-HmWWmWXMvC20VIxrhKbyxa7dRzk="
    },
    "write-file-atomic": {
      "version": "https://registry.npmjs.org/write-file-atomic/-/write-file-atomic-1.3.1.tgz",
      "integrity": "sha1-fUW6MjFjKN0ex9kPYOvA2EW7dZo=",
      "requires": {
        "graceful-fs": "https://registry.npmjs.org/graceful-fs/-/graceful-fs-4.1.11.tgz",
        "imurmurhash": "https://registry.npmjs.org/imurmurhash/-/imurmurhash-0.1.4.tgz",
        "slide": "https://registry.npmjs.org/slide/-/slide-1.1.6.tgz"
      },
      "dependencies": {
        "graceful-fs": {
          "version": "https://registry.npmjs.org/graceful-fs/-/graceful-fs-4.1.11.tgz",
          "integrity": "sha1-Dovf5NHduIVNZOBOp8AOKgJuVlg="
        }
      }
    }
  }
}
